
Microsoft Visual Studio Solution File, Format Version 12.00
# Visual Studio Version 17
VisualStudioVersion = 17.4.33213.308
MinimumVisualStudioVersion = 10.0.40219.1
Project("{FAE04EC0-301F-11D3-BF4B-00C04F79EFBC}") = "ManyStaticFiles", "ManyStaticFiles\ManyStaticFiles.csproj", "{06D7B901-47C0-4641-8A90-1BC9983479DA}"
EndProject
Global
	GlobalSection(SolutionConfigurationPlatforms) = preSolution
		Debug|Any CPU = Debug|Any CPU
		Release|Any CPU = Release|Any CPU
	EndGlobalSection
	GlobalSection(ProjectConfigurationPlatforms) = postSolution
		{06D7B901-47C0-4641-8A90-1BC9983479DA}.Debug|Any CPU.ActiveCfg = Debug|Any CPU
		{06D7B901-47C0-4641-8A90-1BC9983479DA}.Debug|Any CPU.Build.0 = Debug|Any CPU
		{06D7B901-47C0-4641-8A90-1BC9983479DA}.Release|Any CPU.ActiveCfg = Release|Any CPU
		{06D7B901-47C0-4641-8A90-1BC9983479DA}.Release|Any CPU.Build.0 = Release|Any CPU
	EndGlobalSection
	GlobalSection(SolutionProperties) = preSolution
		HideSolutionNode = FALSE
	EndGlobalSection
	GlobalSection(ExtensibilityGlobals) = postSolution
		SolutionGuid = {481C37D6-39BA-4367-9405-7749BBD24428}
	EndGlobalSection
EndGlobal
